PODS:
  - CocoaLumberjack (1.8.1):
    - CocoaLumberjack/Extensions
  - CocoaLumberjack/Core (1.8.1)
  - CocoaLumberjack/Extensions (1.8.1):
    - CocoaLumberjack/Core
  - CrashLogRobot (0.1.0):
    - CocoaLumberjack (~> 1.8.0)
    - JSONKit (~> 1.4.0)
  - JSONKit (1.4)

DEPENDENCIES:
  - CrashLogRobot (from `../`)

EXTERNAL SOURCES:
  CrashLogRobot:
    :path: ../

SPEC CHECKSUMS:
  CocoaLumberjack: 020378ec400d658923bf5887178394f65f052c90
  CrashLogRobot: 5f48a7683e2d2dd314bdaef98441a8c18c23e600
  JSONKit: 0e3367114e2799047082628156e09893d8268f91

COCOAPODS: 0.32.1
