PODS:
  - CocoaLumberjack (1.8.1):
    - CocoaLumberjack/Extensions
  - CocoaLumberjack/Core (1.8.1)
  - CocoaLumberjack/Extensions (1.8.1):
    - CocoaLumberjack/Core
  - CrashLogRobot (0.1.0):
    - CocoaLumberjack (~> 1.8)
    - JSONKit (~> 1.4)
  - JSONKit (1.5pre)

DEPENDENCIES:
  - CrashLogRobot (from `../`)

EXTERNAL SOURCES:
  CrashLogRobot:
    :path: ../

SPEC CHECKSUMS:
  CocoaLumberjack: 020378ec400d658923bf5887178394f65f052c90
  CrashLogRobot: 669e24e8ac4721ee0bcfff880232b7d278c7d519
  JSONKit: b1f52f3f522b8602307769511d4fb47c6f856159

COCOAPODS: 0.32.1
