<?xml version="1.0" encoding="UTF-8"?>
<!DOCTYPE plist PUBLIC "-//Apple//DTD PLIST 1.0//EN" "http://www.apple.com/DTDs/PropertyList-1.0.dtd">
<plist version="1.0">
<dict>
	<key>archiveVersion</key>
	<string>1</string>
	<key>classes</key>
	<dict/>
	<key>objectVersion</key>
	<string>46</string>
	<key>objects</key>
	<dict>
		<key>00D4CAEE06A34A6E8107EEC2</key>
		<dict>
			<key>buildActionMask</key>
			<string>2147483647</string>
			<key>files</key>
			<array/>
			<key>inputPaths</key>
			<array/>
			<key>isa</key>
			<string>PBXShellScriptBuildPhase</string>
			<key>name</key>
			<string>Check Pods Manifest.lock</string>
			<key>outputPaths</key>
			<array/>
			<key>runOnlyForDeploymentPostprocessing</key>
			<string>0</string>
			<key>shellPath</key>
			<string>/bin/sh</string>
			<key>shellScript</key>
			<string>diff "${PODS_ROOT}/../Podfile.lock" "${PODS_ROOT}/Manifest.lock" &gt; /dev/null
if [[ $? != 0 ]] ; then
    cat &lt;&lt; EOM
error: The sandbox is not in sync with the Podfile.lock. Run 'pod install' or update your CocoaPods installation.
EOM
    exit 1
fi
</string>
			<key>showEnvVarsInLog</key>
			<string>0</string>
		</dict>
		<key>14A0A065BED64953B2BF53E7</key>
		<dict>
			<key>includeInIndex</key>
			<string>1</string>
			<key>isa</key>
			<string>PBXFileReference</string>
			<key>lastKnownFileType</key>
			<string>text.xcconfig</string>
			<key>name</key>
			<string>Pods.xcconfig</string>
			<key>path</key>
			<string>Pods/Pods.xcconfig</string>
			<key>sourceTree</key>
			<string>&lt;group&gt;</string>
		</dict>
		<key>65F6642FA6A64869827E512A</key>
		<dict>
			<key>buildActionMask</key>
			<string>2147483647</string>
			<key>files</key>
			<array/>
			<key>inputPaths</key>
			<array/>
			<key>isa</key>
			<string>PBXShellScriptBuildPhase</string>
			<key>name</key>
			<string>Copy Pods Resources</string>
			<key>outputPaths</key>
			<array/>
			<key>runOnlyForDeploymentPostprocessing</key>
			<string>0</string>
			<key>shellPath</key>
			<string>/bin/sh</string>
			<key>shellScript</key>
			<string>"${SRCROOT}/Pods/Pods-resources.sh"
</string>
			<key>showEnvVarsInLog</key>
			<string>0</string>
		</dict>
		<key>6F3C4FC06CFF4F1AB041B4E7</key>
		<dict>
			<key>explicitFileType</key>
			<string>archive.ar</string>
			<key>includeInIndex</key>
			<string>0</string>
			<key>isa</key>
			<string>PBXFileReference</string>
			<key>path</key>
			<string>libPods.a</string>
			<key>sourceTree</key>
			<string>BUILT_PRODUCTS_DIR</string>
		</dict>
		<key>8E25CCC915AC9AD700E8B9A1</key>
		<dict>
			<key>children</key>
			<array>
				<string>8E25CCCA15AC9AD700E8B9A1</string>
				<string>8E25CCCB15AC9AD700E8B9A1</string>
				<string>8E25CCCC15AC9AD700E8B9A1</string>
				<string>8E25CCCD15AC9AD700E8B9A1</string>
			</array>
			<key>isa</key>
			<string>PBXGroup</string>
			<key>name</key>
			<string>XML</string>
			<key>path</key>
			<string>../XML</string>
			<key>sourceTree</key>
			<string>&lt;group&gt;</string>
		</dict>
		<key>8E25CCCA15AC9AD700E8B9A1</key>
		<dict>
			<key>fileEncoding</key>
			<string>4</string>
			<key>isa</key>
			<string>PBXFileReference</string>
			<key>lastKnownFileType</key>
			<string>sourcecode.c.h</string>
			<key>path</key>
			<string>TreeNode.h</string>
			<key>sourceTree</key>
			<string>&lt;group&gt;</string>
		</dict>
		<key>8E25CCCB15AC9AD700E8B9A1</key>
		<dict>
			<key>fileEncoding</key>
			<string>4</string>
			<key>isa</key>
			<string>PBXFileReference</string>
			<key>lastKnownFileType</key>
			<string>sourcecode.c.objc</string>
			<key>path</key>
			<string>TreeNode.m</string>
			<key>sourceTree</key>
			<string>&lt;group&gt;</string>
		</dict>
		<key>8E25CCCC15AC9AD700E8B9A1</key>
		<dict>
			<key>fileEncoding</key>
			<string>4</string>
			<key>isa</key>
			<string>PBXFileReference</string>
			<key>lastKnownFileType</key>
			<string>sourcecode.c.h</string>
			<key>path</key>
			<string>XMLParser.h</string>
			<key>sourceTree</key>
			<string>&lt;group&gt;</string>
		</dict>
		<key>8E25CCCD15AC9AD700E8B9A1</key>
		<dict>
			<key>fileEncoding</key>
			<string>4</string>
			<key>isa</key>
			<string>PBXFileReference</string>
			<key>lastKnownFileType</key>
			<string>sourcecode.c.objc</string>
			<key>path</key>
			<string>XMLParser.m</string>
			<key>sourceTree</key>
			<string>&lt;group&gt;</string>
		</dict>
		<key>8E25CCCE15AC9AD700E8B9A1</key>
		<dict>
			<key>fileRef</key>
			<string>8E25CCCB15AC9AD700E8B9A1</string>
			<key>isa</key>
			<string>PBXBuildFile</string>
		</dict>
		<key>8E25CCCF15AC9AD700E8B9A1</key>
		<dict>
			<key>fileRef</key>
			<string>8E25CCCD15AC9AD700E8B9A1</string>
			<key>isa</key>
			<string>PBXBuildFile</string>
		</dict>
		<key>8EB9BF0D158B9B4800F96828</key>
		<dict>
			<key>isa</key>
			<string>PBXFileReference</string>
			<key>lastKnownFileType</key>
			<string>image.png</string>
			<key>name</key>
			<string>Icon.png</string>
			<key>path</key>
			<string>AppArt/Icon.png</string>
			<key>sourceTree</key>
			<string>&lt;group&gt;</string>
		</dict>
		<key>8EB9BF0E158B9B4800F96828</key>
		<dict>
			<key>fileRef</key>
			<string>8EB9BF0D158B9B4800F96828</string>
			<key>isa</key>
			<string>PBXBuildFile</string>
		</dict>
		<key>8EB9BF10158B9B7900F96828</key>
		<dict>
			<key>isa</key>
			<string>PBXFileReference</string>
			<key>lastKnownFileType</key>
			<string>image.png</string>
			<key>name</key>
			<string>Default-Landscape@2x~ipad.png</string>
			<key>path</key>
			<string>AppArt/Default-Landscape@2x~ipad.png</string>
			<key>sourceTree</key>
			<string>&lt;group&gt;</string>
		</dict>
		<key>8EB9BF11158B9B7900F96828</key>
		<dict>
			<key>isa</key>
			<string>PBXFileReference</string>
			<key>lastKnownFileType</key>
			<string>image.png</string>
			<key>name</key>
			<string>Default-Landscape~ipad.png</string>
			<key>path</key>
			<string>AppArt/Default-Landscape~ipad.png</string>
			<key>sourceTree</key>
			<string>&lt;group&gt;</string>
		</dict>
		<key>8EB9BF12158B9B7900F96828</key>
		<dict>
			<key>isa</key>
			<string>PBXFileReference</string>
			<key>lastKnownFileType</key>
			<string>image.png</string>
			<key>name</key>
			<string>Default-Portrait@2x~ipad.png</string>
			<key>path</key>
			<string>AppArt/Default-Portrait@2x~ipad.png</string>
			<key>sourceTree</key>
			<string>&lt;group&gt;</string>
		</dict>
		<key>8EB9BF13158B9B7900F96828</key>
		<dict>
			<key>isa</key>
			<string>PBXFileReference</string>
			<key>lastKnownFileType</key>
			<string>image.png</string>
			<key>name</key>
			<string>Default-Portrait~ipad.png</string>
			<key>path</key>
			<string>AppArt/Default-Portrait~ipad.png</string>
			<key>sourceTree</key>
			<string>&lt;group&gt;</string>
		</dict>
		<key>8EB9BF14158B9B7900F96828</key>
		<dict>
			<key>isa</key>
			<string>PBXFileReference</string>
			<key>lastKnownFileType</key>
			<string>image.png</string>
			<key>name</key>
			<string>Default.png</string>
			<key>path</key>
			<string>AppArt/Default.png</string>
			<key>sourceTree</key>
			<string>&lt;group&gt;</string>
		</dict>
		<key>8EB9BF15158B9B7900F96828</key>
		<dict>
			<key>isa</key>
			<string>PBXFileReference</string>
			<key>lastKnownFileType</key>
			<string>image.png</string>
			<key>name</key>
			<string>Default@2x.png</string>
			<key>path</key>
			<string>AppArt/Default@2x.png</string>
			<key>sourceTree</key>
			<string>&lt;group&gt;</string>
		</dict>
		<key>8EB9BF16158B9B7900F96828</key>
		<dict>
			<key>isa</key>
			<string>PBXFileReference</string>
			<key>lastKnownFileType</key>
			<string>image.png</string>
			<key>name</key>
			<string>Icon@2x.png</string>
			<key>path</key>
			<string>AppArt/Icon@2x.png</string>
			<key>sourceTree</key>
			<string>&lt;group&gt;</string>
		</dict>
		<key>8EB9BF17158B9B7900F96828</key>
		<dict>
			<key>isa</key>
			<string>PBXFileReference</string>
			<key>lastKnownFileType</key>
			<string>image.png</string>
			<key>name</key>
			<string>Icon~ipad.png</string>
			<key>path</key>
			<string>AppArt/Icon~ipad.png</string>
			<key>sourceTree</key>
			<string>&lt;group&gt;</string>
		</dict>
		<key>8EB9BF18158B9B7900F96828</key>
		<dict>
			<key>isa</key>
			<string>PBXFileReference</string>
			<key>lastKnownFileType</key>
			<string>image.png</string>
			<key>name</key>
			<string>Icon~ipad@2x.png</string>
			<key>path</key>
			<string>AppArt/Icon~ipad@2x.png</string>
			<key>sourceTree</key>
			<string>&lt;group&gt;</string>
		</dict>
		<key>8EB9BF19158B9B7900F96828</key>
		<dict>
			<key>fileRef</key>
			<string>8EB9BF10158B9B7900F96828</string>
			<key>isa</key>
			<string>PBXBuildFile</string>
		</dict>
		<key>8EB9BF1A158B9B7900F96828</key>
		<dict>
			<key>fileRef</key>
			<string>8EB9BF11158B9B7900F96828</string>
			<key>isa</key>
			<string>PBXBuildFile</string>
		</dict>
		<key>8EB9BF1B158B9B7900F96828</key>
		<dict>
			<key>fileRef</key>
			<string>8EB9BF12158B9B7900F96828</string>
			<key>isa</key>
			<string>PBXBuildFile</string>
		</dict>
		<key>8EB9BF1C158B9B7900F96828</key>
		<dict>
			<key>fileRef</key>
			<string>8EB9BF13158B9B7900F96828</string>
			<key>isa</key>
			<string>PBXBuildFile</string>
		</dict>
		<key>8EB9BF1D158B9B7900F96828</key>
		<dict>
			<key>fileRef</key>
			<string>8EB9BF14158B9B7900F96828</string>
			<key>isa</key>
			<string>PBXBuildFile</string>
		</dict>
		<key>8EB9BF1E158B9B7900F96828</key>
		<dict>
			<key>fileRef</key>
			<string>8EB9BF15158B9B7900F96828</string>
			<key>isa</key>
			<string>PBXBuildFile</string>
		</dict>
		<key>8EB9BF1F158B9B7900F96828</key>
		<dict>
			<key>fileRef</key>
			<string>8EB9BF16158B9B7900F96828</string>
			<key>isa</key>
			<string>PBXBuildFile</string>
		</dict>
		<key>8EB9BF20158B9B7900F96828</key>
		<dict>
			<key>fileRef</key>
			<string>8EB9BF17158B9B7900F96828</string>
			<key>isa</key>
			<string>PBXBuildFile</string>
		</dict>
		<key>8EB9BF21158B9B7900F96828</key>
		<dict>
			<key>fileRef</key>
			<string>8EB9BF18158B9B7900F96828</string>
			<key>isa</key>
			<string>PBXBuildFile</string>
		</dict>
		<key>8EC38FCC15B37DA70034B7D1</key>
		<dict>
			<key>children</key>
			<array>
				<string>8E25CCC915AC9AD700E8B9A1</string>
				<string>8EC38FCD15B37DA70034B7D1</string>
				<string>8EC38FCE15B37DA70034B7D1</string>
				<string>8EC38FCF15B37DA70034B7D1</string>
				<string>8EC38FD015B37DA70034B7D1</string>
				<string>8EC38FD115B37DA70034B7D1</string>
			</array>
			<key>isa</key>
			<string>PBXGroup</string>
			<key>path</key>
			<string>Utility</string>
			<key>sourceTree</key>
			<string>&lt;group&gt;</string>
		</dict>
		<key>8EC38FCD15B37DA70034B7D1</key>
		<dict>
			<key>fileEncoding</key>
			<string>4</string>
			<key>isa</key>
			<string>PBXFileReference</string>
			<key>lastKnownFileType</key>
			<string>sourcecode.c.h</string>
			<key>path</key>
			<string>DataManager.h</string>
			<key>sourceTree</key>
			<string>&lt;group&gt;</string>
		</dict>
		<key>8EC38FCE15B37DA70034B7D1</key>
		<dict>
			<key>fileEncoding</key>
			<string>4</string>
			<key>isa</key>
			<string>PBXFileReference</string>
			<key>lastKnownFileType</key>
			<string>sourcecode.c.objc</string>
			<key>path</key>
			<string>DataManager.m</string>
			<key>sourceTree</key>
			<string>&lt;group&gt;</string>
		</dict>
		<key>8EC38FCF15B37DA70034B7D1</key>
		<dict>
			<key>fileEncoding</key>
			<string>4</string>
			<key>isa</key>
			<string>PBXFileReference</string>
			<key>lastKnownFileType</key>
			<string>sourcecode.c.h</string>
			<key>path</key>
			<string>DetailViewController.h</string>
			<key>sourceTree</key>
			<string>&lt;group&gt;</string>
		</dict>
		<key>8EC38FD015B37DA70034B7D1</key>
		<dict>
			<key>fileEncoding</key>
			<string>4</string>
			<key>isa</key>
			<string>PBXFileReference</string>
			<key>lastKnownFileType</key>
			<string>sourcecode.c.objc</string>
			<key>path</key>
			<string>DetailViewController.m</string>
			<key>sourceTree</key>
			<string>&lt;group&gt;</string>
		</dict>
		<key>8EC38FD115B37DA70034B7D1</key>
		<dict>
			<key>fileEncoding</key>
			<string>4</string>
			<key>isa</key>
			<string>PBXFileReference</string>
			<key>lastKnownFileType</key>
			<string>sourcecode.c.h</string>
			<key>path</key>
			<string>Utility.h</string>
			<key>sourceTree</key>
			<string>&lt;group&gt;</string>
		</dict>
		<key>8EC38FD215B37DA70034B7D1</key>
		<dict>
			<key>fileRef</key>
			<string>8EC38FCE15B37DA70034B7D1</string>
			<key>isa</key>
			<string>PBXBuildFile</string>
		</dict>
		<key>8EC38FD315B37DA70034B7D1</key>
		<dict>
			<key>fileRef</key>
			<string>8EC38FD015B37DA70034B7D1</string>
			<key>isa</key>
			<string>PBXBuildFile</string>
		</dict>
		<key>8EF624D115892BA600A81FD2</key>
		<dict>
			<key>children</key>
			<array>
				<string>8EF624EC15892BA600A81FD2</string>
				<string>8EC38FCC15B37DA70034B7D1</string>
				<string>8EF624E715892BA600A81FD2</string>
				<string>8EF624DF15892BA600A81FD2</string>
				<string>8EF624DD15892BA600A81FD2</string>
				<string>14A0A065BED64953B2BF53E7</string>
			</array>
			<key>isa</key>
			<string>PBXGroup</string>
			<key>sourceTree</key>
			<string>&lt;group&gt;</string>
		</dict>
		<key>8EF624D315892BA600A81FD2</key>
		<dict>
			<key>attributes</key>
			<dict>
				<key>LastUpgradeCheck</key>
				<string>0450</string>
				<key>ORGANIZATIONNAME</key>
				<string>Erica Sadun</string>
			</dict>
			<key>buildConfigurationList</key>
			<string>8EF624D615892BA600A81FD2</string>
			<key>compatibilityVersion</key>
			<string>Xcode 3.2</string>
			<key>developmentRegion</key>
			<string>English</string>
			<key>hasScannedForEncodings</key>
			<string>0</string>
			<key>isa</key>
			<string>PBXProject</string>
			<key>knownRegions</key>
			<array>
				<string>en</string>
			</array>
			<key>mainGroup</key>
			<string>8EF624D115892BA600A81FD2</string>
			<key>productRefGroup</key>
			<string>8EF624DD15892BA600A81FD2</string>
			<key>projectDirPath</key>
			<string></string>
			<key>projectReferences</key>
			<array/>
			<key>projectRoot</key>
			<string></string>
			<key>targets</key>
			<array>
				<string>8EF624DB15892BA600A81FD2</string>
			</array>
		</dict>
		<key>8EF624D615892BA600A81FD2</key>
		<dict>
			<key>buildConfigurations</key>
			<array>
				<string>8EF624F215892BA600A81FD2</string>
				<string>8EF624F315892BA600A81FD2</string>
			</array>
			<key>defaultConfigurationIsVisible</key>
			<string>0</string>
			<key>defaultConfigurationName</key>
			<string>Release</string>
			<key>isa</key>
			<string>XCConfigurationList</string>
		</dict>
		<key>8EF624D815892BA600A81FD2</key>
		<dict>
			<key>buildActionMask</key>
			<string>2147483647</string>
			<key>files</key>
			<array>
				<string>8EF624ED15892BA600A81FD2</string>
				<string>8E25CCCE15AC9AD700E8B9A1</string>
				<string>8E25CCCF15AC9AD700E8B9A1</string>
				<string>8EC38FD215B37DA70034B7D1</string>
				<string>8EC38FD315B37DA70034B7D1</string>
			</array>
			<key>isa</key>
			<string>PBXSourcesBuildPhase</string>
			<key>runOnlyForDeploymentPostprocessing</key>
			<string>0</string>
		</dict>
		<key>8EF624D915892BA600A81FD2</key>
		<dict>
			<key>buildActionMask</key>
			<string>2147483647</string>
			<key>files</key>
			<array>
				<string>8EF624E115892BA600A81FD2</string>
				<string>8EF624E315892BA600A81FD2</string>
				<string>8EF624E515892BA600A81FD2</string>
				<string>E21D5C615C50467E92A556B3</string>
			</array>
			<key>isa</key>
			<string>PBXFrameworksBuildPhase</string>
			<key>runOnlyForDeploymentPostprocessing</key>
			<string>0</string>
		</dict>
		<key>8EF624DA15892BA600A81FD2</key>
		<dict>
			<key>buildActionMask</key>
			<string>2147483647</string>
			<key>files</key>
			<array>
				<string>8EF624EB15892BA600A81FD2</string>
				<string>8EB9BF0E158B9B4800F96828</string>
				<string>8EB9BF19158B9B7900F96828</string>
				<string>8EB9BF1A158B9B7900F96828</string>
				<string>8EB9BF1B158B9B7900F96828</string>
				<string>8EB9BF1C158B9B7900F96828</string>
				<string>8EB9BF1D158B9B7900F96828</string>
				<string>8EB9BF1E158B9B7900F96828</string>
				<string>8EB9BF1F158B9B7900F96828</string>
				<string>8EB9BF20158B9B7900F96828</string>
				<string>8EB9BF21158B9B7900F96828</string>
			</array>
			<key>isa</key>
			<string>PBXResourcesBuildPhase</string>
			<key>runOnlyForDeploymentPostprocessing</key>
			<string>0</string>
		</dict>
		<key>8EF624DB15892BA600A81FD2</key>
		<dict>
			<key>buildConfigurationList</key>
			<string>8EF624F415892BA600A81FD2</string>
			<key>buildPhases</key>
			<array>
				<string>00D4CAEE06A34A6E8107EEC2</string>
				<string>8EF624D815892BA600A81FD2</string>
				<string>8EF624D915892BA600A81FD2</string>
				<string>8EF624DA15892BA600A81FD2</string>
				<string>65F6642FA6A64869827E512A</string>
			</array>
			<key>buildRules</key>
			<array/>
			<key>dependencies</key>
			<array/>
			<key>isa</key>
			<string>PBXNativeTarget</string>
			<key>name</key>
			<string>HelloWorld</string>
			<key>productName</key>
			<string>HelloWorld</string>
			<key>productReference</key>
			<string>8EF624DC15892BA600A81FD2</string>
			<key>productType</key>
			<string>com.apple.product-type.application</string>
		</dict>
		<key>8EF624DC15892BA600A81FD2</key>
		<dict>
			<key>explicitFileType</key>
			<string>wrapper.application</string>
			<key>includeInIndex</key>
			<string>0</string>
			<key>isa</key>
			<string>PBXFileReference</string>
			<key>path</key>
			<string>HelloWorld.app</string>
			<key>sourceTree</key>
			<string>BUILT_PRODUCTS_DIR</string>
		</dict>
		<key>8EF624DD15892BA600A81FD2</key>
		<dict>
			<key>children</key>
			<array>
				<string>8EF624DC15892BA600A81FD2</string>
			</array>
			<key>isa</key>
			<string>PBXGroup</string>
			<key>name</key>
			<string>Products</string>
			<key>sourceTree</key>
			<string>&lt;group&gt;</string>
		</dict>
		<key>8EF624DF15892BA600A81FD2</key>
		<dict>
			<key>children</key>
			<array>
				<string>8EF624E015892BA600A81FD2</string>
				<string>8EF624E215892BA600A81FD2</string>
				<string>8EF624E415892BA600A81FD2</string>
				<string>6F3C4FC06CFF4F1AB041B4E7</string>
			</array>
			<key>isa</key>
			<string>PBXGroup</string>
			<key>name</key>
			<string>Frameworks</string>
			<key>sourceTree</key>
			<string>&lt;group&gt;</string>
		</dict>
		<key>8EF624E015892BA600A81FD2</key>
		<dict>
			<key>isa</key>
			<string>PBXFileReference</string>
			<key>lastKnownFileType</key>
			<string>wrapper.framework</string>
			<key>name</key>
			<string>UIKit.framework</string>
			<key>path</key>
			<string>System/Library/Frameworks/UIKit.framework</string>
			<key>sourceTree</key>
			<string>SDKROOT</string>
		</dict>
		<key>8EF624E115892BA600A81FD2</key>
		<dict>
			<key>fileRef</key>
			<string>8EF624E015892BA600A81FD2</string>
			<key>isa</key>
			<string>PBXBuildFile</string>
		</dict>
		<key>8EF624E215892BA600A81FD2</key>
		<dict>
			<key>isa</key>
			<string>PBXFileReference</string>
			<key>lastKnownFileType</key>
			<string>wrapper.framework</string>
			<key>name</key>
			<string>Foundation.framework</string>
			<key>path</key>
			<string>System/Library/Frameworks/Foundation.framework</string>
			<key>sourceTree</key>
			<string>SDKROOT</string>
		</dict>
		<key>8EF624E315892BA600A81FD2</key>
		<dict>
			<key>fileRef</key>
			<string>8EF624E215892BA600A81FD2</string>
			<key>isa</key>
			<string>PBXBuildFile</string>
		</dict>
		<key>8EF624E415892BA600A81FD2</key>
		<dict>
			<key>isa</key>
			<string>PBXFileReference</string>
			<key>lastKnownFileType</key>
			<string>wrapper.framework</string>
			<key>name</key>
			<string>CoreGraphics.framework</string>
			<key>path</key>
			<string>System/Library/Frameworks/CoreGraphics.framework</string>
			<key>sourceTree</key>
			<string>SDKROOT</string>
		</dict>
		<key>8EF624E515892BA600A81FD2</key>
		<dict>
			<key>fileRef</key>
			<string>8EF624E415892BA600A81FD2</string>
			<key>isa</key>
			<string>PBXBuildFile</string>
		</dict>
		<key>8EF624E715892BA600A81FD2</key>
		<dict>
			<key>children</key>
			<array>
				<string>8EF6250B15892CDA00A81FD2</string>
				<string>8EF624E815892BA600A81FD2</string>
				<string>8EF624E915892BA600A81FD2</string>
				<string>8EF624EE15892BA600A81FD2</string>
			</array>
			<key>isa</key>
			<string>PBXGroup</string>
			<key>name</key>
			<string>Supporting Files</string>
			<key>path</key>
			<string>HelloWorld</string>
			<key>sourceTree</key>
			<string>&lt;group&gt;</string>
		</dict>
		<key>8EF624E815892BA600A81FD2</key>
		<dict>
			<key>isa</key>
			<string>PBXFileReference</string>
			<key>lastKnownFileType</key>
			<string>text.plist.xml</string>
			<key>path</key>
			<string>HelloWorld-Info.plist</string>
			<key>sourceTree</key>
			<string>&lt;group&gt;</string>
		</dict>
		<key>8EF624E915892BA600A81FD2</key>
		<dict>
			<key>children</key>
			<array>
				<string>8EF624EA15892BA600A81FD2</string>
			</array>
			<key>isa</key>
			<string>PBXVariantGroup</string>
			<key>name</key>
			<string>InfoPlist.strings</string>
			<key>sourceTree</key>
			<string>&lt;group&gt;</string>
		</dict>
		<key>8EF624EA15892BA600A81FD2</key>
		<dict>
			<key>isa</key>
			<string>PBXFileReference</string>
			<key>lastKnownFileType</key>
			<string>text.plist.strings</string>
			<key>name</key>
			<string>en</string>
			<key>path</key>
			<string>en.lproj/InfoPlist.strings</string>
			<key>sourceTree</key>
			<string>&lt;group&gt;</string>
		</dict>
		<key>8EF624EB15892BA600A81FD2</key>
		<dict>
			<key>fileRef</key>
			<string>8EF624E915892BA600A81FD2</string>
			<key>isa</key>
			<string>PBXBuildFile</string>
		</dict>
		<key>8EF624EC15892BA600A81FD2</key>
		<dict>
			<key>isa</key>
			<string>PBXFileReference</string>
			<key>lastKnownFileType</key>
			<string>sourcecode.c.objc</string>
			<key>name</key>
			<string>main.m</string>
			<key>path</key>
			<string>HelloWorld/main.m</string>
			<key>sourceTree</key>
			<string>&lt;group&gt;</string>
		</dict>
		<key>8EF624ED15892BA600A81FD2</key>
		<dict>
			<key>fileRef</key>
			<string>8EF624EC15892BA600A81FD2</string>
			<key>isa</key>
			<string>PBXBuildFile</string>
		</dict>
		<key>8EF624EE15892BA600A81FD2</key>
		<dict>
			<key>isa</key>
			<string>PBXFileReference</string>
			<key>lastKnownFileType</key>
			<string>sourcecode.c.h</string>
			<key>path</key>
			<string>HelloWorld-Prefix.pch</string>
			<key>sourceTree</key>
			<string>&lt;group&gt;</string>
		</dict>
		<key>8EF624F215892BA600A81FD2</key>
		<dict>
			<key>buildSettings</key>
			<dict>
				<key>ALWAYS_SEARCH_USER_PATHS</key>
				<string>NO</string>
				<key>CLANG_CXX_LANGUAGE_STANDARD</key>
				<string>gnu++0x</string>
				<key>CLANG_ENABLE_OBJC_ARC</key>
				<string>YES</string>
				<key>CLANG_WARN__DUPLICATE_METHOD_MATCH</key>
				<string>YES</string>
				<key>CODE_SIGN_IDENTITY[sdk=iphoneos*]</key>
				<string>iPhone Developer</string>
				<key>COPY_PHASE_STRIP</key>
				<string>NO</string>
				<key>GCC_C_LANGUAGE_STANDARD</key>
				<string>gnu99</string>
				<key>GCC_DYNAMIC_NO_PIC</key>
				<string>NO</string>
				<key>GCC_OPTIMIZATION_LEVEL</key>
				<string>0</string>
				<key>GCC_PREPROCESSOR_DEFINITIONS</key>
				<array>
					<string>DEBUG=1</string>
					<string>$(inherited)</string>
				</array>
				<key>GCC_SYMBOLS_PRIVATE_EXTERN</key>
				<string>NO</string>
				<key>GCC_WARN_ABOUT_RETURN_TYPE</key>
				<string>YES</string>
				<key>GCC_WARN_UNINITIALIZED_AUTOS</key>
				<string>YES</string>
				<key>GCC_WARN_UNUSED_VARIABLE</key>
				<string>YES</string>
				<key>IPHONEOS_DEPLOYMENT_TARGET</key>
				<string>6.0</string>
				<key>SDKROOT</key>
				<string>iphoneos</string>
				<key>TARGETED_DEVICE_FAMILY</key>
				<string>1,2</string>
			</dict>
			<key>isa</key>
			<string>XCBuildConfiguration</string>
			<key>name</key>
			<string>Debug</string>
		</dict>
		<key>8EF624F315892BA600A81FD2</key>
		<dict>
			<key>buildSettings</key>
			<dict>
				<key>ALWAYS_SEARCH_USER_PATHS</key>
				<string>NO</string>
				<key>CLANG_CXX_LANGUAGE_STANDARD</key>
				<string>gnu++0x</string>
				<key>CLANG_ENABLE_OBJC_ARC</key>
				<string>YES</string>
				<key>CLANG_WARN__DUPLICATE_METHOD_MATCH</key>
				<string>YES</string>
				<key>CODE_SIGN_IDENTITY[sdk=iphoneos*]</key>
				<string>iPhone Developer</string>
				<key>COPY_PHASE_STRIP</key>
				<string>YES</string>
				<key>GCC_C_LANGUAGE_STANDARD</key>
				<string>gnu99</string>
				<key>GCC_WARN_ABOUT_RETURN_TYPE</key>
				<string>YES</string>
				<key>GCC_WARN_UNINITIALIZED_AUTOS</key>
				<string>YES</string>
				<key>GCC_WARN_UNUSED_VARIABLE</key>
				<string>YES</string>
				<key>IPHONEOS_DEPLOYMENT_TARGET</key>
				<string>6.0</string>
				<key>OTHER_CFLAGS</key>
				<string>-DNS_BLOCK_ASSERTIONS=1</string>
				<key>SDKROOT</key>
				<string>iphoneos</string>
				<key>TARGETED_DEVICE_FAMILY</key>
				<string>1,2</string>
				<key>VALIDATE_PRODUCT</key>
				<string>YES</string>
			</dict>
			<key>isa</key>
			<string>XCBuildConfiguration</string>
			<key>name</key>
			<string>Release</string>
		</dict>
		<key>8EF624F415892BA600A81FD2</key>
		<dict>
			<key>buildConfigurations</key>
			<array>
				<string>8EF624F515892BA600A81FD2</string>
				<string>8EF624F615892BA600A81FD2</string>
			</array>
			<key>defaultConfigurationIsVisible</key>
			<string>0</string>
			<key>defaultConfigurationName</key>
			<string>Release</string>
			<key>isa</key>
			<string>XCConfigurationList</string>
		</dict>
		<key>8EF624F515892BA600A81FD2</key>
		<dict>
			<key>baseConfigurationReference</key>
			<string>14A0A065BED64953B2BF53E7</string>
			<key>buildSettings</key>
			<dict>
				<key>GCC_PRECOMPILE_PREFIX_HEADER</key>
				<string>YES</string>
				<key>GCC_PREFIX_HEADER</key>
				<string>HelloWorld/HelloWorld-Prefix.pch</string>
				<key>INFOPLIST_FILE</key>
				<string>HelloWorld/HelloWorld-Info.plist</string>
				<key>PRODUCT_NAME</key>
				<string>$(TARGET_NAME)</string>
				<key>WRAPPER_EXTENSION</key>
				<string>app</string>
			</dict>
			<key>isa</key>
			<string>XCBuildConfiguration</string>
			<key>name</key>
			<string>Debug</string>
		</dict>
		<key>8EF624F615892BA600A81FD2</key>
		<dict>
			<key>baseConfigurationReference</key>
			<string>14A0A065BED64953B2BF53E7</string>
			<key>buildSettings</key>
			<dict>
				<key>GCC_PRECOMPILE_PREFIX_HEADER</key>
				<string>YES</string>
				<key>GCC_PREFIX_HEADER</key>
				<string>HelloWorld/HelloWorld-Prefix.pch</string>
				<key>INFOPLIST_FILE</key>
				<string>HelloWorld/HelloWorld-Info.plist</string>
				<key>PRODUCT_NAME</key>
				<string>$(TARGET_NAME)</string>
				<key>WRAPPER_EXTENSION</key>
				<string>app</string>
			</dict>
			<key>isa</key>
			<string>XCBuildConfiguration</string>
			<key>name</key>
			<string>Release</string>
		</dict>
		<key>8EF6250B15892CDA00A81FD2</key>
		<dict>
			<key>children</key>
			<array>
				<string>8EB9BF0D158B9B4800F96828</string>
				<string>8EB9BF10158B9B7900F96828</string>
				<string>8EB9BF11158B9B7900F96828</string>
				<string>8EB9BF12158B9B7900F96828</string>
				<string>8EB9BF13158B9B7900F96828</string>
				<string>8EB9BF14158B9B7900F96828</string>
				<string>8EB9BF15158B9B7900F96828</string>
				<string>8EB9BF16158B9B7900F96828</string>
				<string>8EB9BF17158B9B7900F96828</string>
				<string>8EB9BF18158B9B7900F96828</string>
			</array>
			<key>isa</key>
			<string>PBXGroup</string>
			<key>name</key>
			<string>System Art</string>
			<key>path</key>
			<string>..</string>
			<key>sourceTree</key>
			<string>&lt;group&gt;</string>
		</dict>
		<key>E21D5C615C50467E92A556B3</key>
		<dict>
			<key>fileRef</key>
			<string>6F3C4FC06CFF4F1AB041B4E7</string>
			<key>isa</key>
			<string>PBXBuildFile</string>
		</dict>
	</dict>
	<key>rootObject</key>
	<string>8EF624D315892BA600A81FD2</string>
</dict>
</plist>
